
Microsoft Visual Studio Solution File, Format Version 12.00
# Visual Studio Version 16
VisualStudioVersion = 16.0.30804.86
MinimumVisualStudioVersion = 10.0.40219.1
Project("{FAE04EC0-301F-11D3-BF4B-00C04F79EFBC}") = "Laboratorio 5", "Laboratorio 5\Laboratorio 5.csproj", "{35E81BA4-FF82-4ABD-931C-7A9CD0122891}"
EndProject
Global
	GlobalSection(SolutionConfigurationPlatforms) = preSolution
		Debug|Any CPU = Debug|Any CPU
		Release|Any CPU = Release|Any CPU
	EndGlobalSection
	GlobalSection(ProjectConfigurationPlatforms) = postSolution
		{35E81BA4-FF82-4ABD-931C-7A9CD0122891}.Debug|Any CPU.ActiveCfg = Debug|Any CPU
		{35E81BA4-FF82-4ABD-931C-7A9CD0122891}.Debug|Any CPU.Build.0 = Debug|Any CPU
		{35E81BA4-FF82-4ABD-931C-7A9CD0122891}.Release|Any CPU.ActiveCfg = Release|Any CPU
		{35E81BA4-FF82-4ABD-931C-7A9CD0122891}.Release|Any CPU.Build.0 = Release|Any CPU
	EndGlobalSection
	GlobalSection(SolutionProperties) = preSolution
		HideSolutionNode = FALSE
	EndGlobalSection
	GlobalSection(ExtensibilityGlobals) = postSolution
		SolutionGuid = {701DCA0E-93CE-4B44-9F77-A09B41F7F5BF}
	EndGlobalSection
EndGlobal
